
Microsoft Visual Studio Solution File, Format Version 12.00
# Visual Studio 15
VisualStudioVersion = 15.0.26730.10
MinimumVisualStudioVersion = 10.0.40219.1
Project("{FAE04EC0-301F-11D3-BF4B-00C04F79EFBC}") = "RuleChecker", "RuleChecker\RuleChecker.csproj", "{892F56E1-7517-46F3-8E55-3B7AF9ADC9AE}"
EndProject
Global
	GlobalSection(SolutionConfigurationPlatforms) = preSolution
		Debug|Any CPU = Debug|Any CPU
		Release|Any CPU = Release|Any CPU
	EndGlobalSection
	GlobalSection(ProjectConfigurationPlatforms) = postSolution
		{892F56E1-7517-46F3-8E55-3B7AF9ADC9AE}.Debug|Any CPU.ActiveCfg = Debug|Any CPU
		{892F56E1-7517-46F3-8E55-3B7AF9ADC9AE}.Debug|Any CPU.Build.0 = Debug|Any CPU
		{892F56E1-7517-46F3-8E55-3B7AF9ADC9AE}.Release|Any CPU.ActiveCfg = Release|Any CPU
		{892F56E1-7517-46F3-8E55-3B7AF9ADC9AE}.Release|Any CPU.Build.0 = Release|Any CPU
	EndGlobalSection
	GlobalSection(SolutionProperties) = preSolution
		HideSolutionNode = FALSE
	EndGlobalSection
	GlobalSection(ExtensibilityGlobals) = postSolution
		SolutionGuid = {380B5AA6-6983-4FEA-8505-964E63F45A48}
	EndGlobalSection
EndGlobal
